
Microsoft Visual Studio Solution File, Format Version 12.00
# Visual Studio Version 17
VisualStudioVersion = 17.0.31903.59
MinimumVisualStudioVersion = 10.0.40219.1
Project("{FAE04EC0-301F-11D3-BF4B-00C04F79EFBC}") = "App", "SnakesAndLadders\App.csproj", "{0F58FEF1-6EB9-420C-909F-22597561BFB0}"
EndProject
Project("{FAE04EC0-301F-11D3-BF4B-00C04F79EFBC}") = "SnakesAndLadders.Tests", "SnakesAndLadders.Tests\SnakesAndLadders.Tests.csproj", "{7BF1FEFF-6DD1-40C7-90AF-7A53313E8312}"
EndProject
Global
	GlobalSection(SolutionConfigurationPlatforms) = preSolution
		Debug|Any CPU = Debug|Any CPU
		Release|Any CPU = Release|Any CPU
	EndGlobalSection
	GlobalSection(SolutionProperties) = preSolution
		HideSolutionNode = FALSE
	EndGlobalSection
	GlobalSection(ProjectConfigurationPlatforms) = postSolution
		{1FA25F1F-474E-4EB8-AE67-1D4F461E8880}.Debug|Any CPU.ActiveCfg = Debug|Any CPU
		{1FA25F1F-474E-4EB8-AE67-1D4F461E8880}.Debug|Any CPU.Build.0 = Debug|Any CPU
		{1FA25F1F-474E-4EB8-AE67-1D4F461E8880}.Release|Any CPU.ActiveCfg = Release|Any CPU
		{1FA25F1F-474E-4EB8-AE67-1D4F461E8880}.Release|Any CPU.Build.0 = Release|Any CPU
		{0F58FEF1-6EB9-420C-909F-22597561BFB0}.Debug|Any CPU.ActiveCfg = Debug|Any CPU
		{0F58FEF1-6EB9-420C-909F-22597561BFB0}.Debug|Any CPU.Build.0 = Debug|Any CPU
		{0F58FEF1-6EB9-420C-909F-22597561BFB0}.Release|Any CPU.ActiveCfg = Release|Any CPU
		{0F58FEF1-6EB9-420C-909F-22597561BFB0}.Release|Any CPU.Build.0 = Release|Any CPU
		{7BF1FEFF-6DD1-40C7-90AF-7A53313E8312}.Debug|Any CPU.ActiveCfg = Debug|Any CPU
		{7BF1FEFF-6DD1-40C7-90AF-7A53313E8312}.Debug|Any CPU.Build.0 = Debug|Any CPU
		{7BF1FEFF-6DD1-40C7-90AF-7A53313E8312}.Release|Any CPU.ActiveCfg = Release|Any CPU
		{7BF1FEFF-6DD1-40C7-90AF-7A53313E8312}.Release|Any CPU.Build.0 = Release|Any CPU
	EndGlobalSection
EndGlobal
